// !$*UTF8*$!
{
	archiveVersion = 1;
	classes = {
	};
	objectVersion = 51;
	objects = {

/* Begin PBXBuildFile section */
		23430CE22480A509007CBD52 /* AppDelegate.swift in Sources */ = {isa = PBXBuildFile; fileRef = 23430CE12480A509007CBD52 /* AppDelegate.swift */; };
		23430CE92480A509007CBD52 /* Main.storyboard in Resources */ = {isa = PBXBuildFile; fileRef = 23430CE72480A509007CBD52 /* Main.storyboard */; };
		23430CEB2480A50A007CBD52 /* Assets.xcassets in Resources */ = {isa = PBXBuildFile; fileRef = 23430CEA2480A50A007CBD52 /* Assets.xcassets */; };
		23430CEE2480A50A007CBD52 /* LaunchScreen.storyboard in Resources */ = {isa = PBXBuildFile; fileRef = 23430CEC2480A50A007CBD52 /* LaunchScreen.storyboard */; };
		23430CF72480A951007CBD52 /* Const.swift in Sources */ = {isa = PBXBuildFile; fileRef = 23430CF62480A951007CBD52 /* Const.swift */; };
		23430CFD2480ACDE007CBD52 /* ViewController+.swift in Sources */ = {isa = PBXBuildFile; fileRef = 23430CFC2480ACDE007CBD52 /* ViewController+.swift */; };
		23430CFF2480AD0A007CBD52 /* UIColor+.swift in Sources */ = {isa = PBXBuildFile; fileRef = 23430CFE2480AD0A007CBD52 /* UIColor+.swift */; };
		23430D012480AD29007CBD52 /* HUD.swift in Sources */ = {isa = PBXBuildFile; fileRef = 23430D002480AD29007CBD52 /* HUD.swift */; };
		23430D042480AD5E007CBD52 /* APISession.swift in Sources */ = {isa = PBXBuildFile; fileRef = 23430D032480AD5E007CBD52 /* APISession.swift */; };
		23430D062480ADCF007CBD52 /* Define.swift in Sources */ = {isa = PBXBuildFile; fileRef = 23430D052480ADCF007CBD52 /* Define.swift */; };
		23430D082480B30E007CBD52 /* ViewControllerViewModel.swift in Sources */ = {isa = PBXBuildFile; fileRef = 23430D072480B30E007CBD52 /* ViewControllerViewModel.swift */; };
		23430D0A2480B3B8007CBD52 /* ViewController.swift in Sources */ = {isa = PBXBuildFile; fileRef = 23430D092480B3B8007CBD52 /* ViewController.swift */; };
		23430D0D2480B7D1007CBD52 /* LoginModel.swift in Sources */ = {isa = PBXBuildFile; fileRef = 23430D0C2480B7D1007CBD52 /* LoginModel.swift */; };
		4BAB5AC2E6909F933D3D0E7E /* Pods_BaseProjectRxSwift.framework in Frameworks */ = {isa = PBXBuildFile; fileRef = 9D01A7B3566E565E0E492E31 /* Pods_BaseProjectRxSwift.framework */; };
/* End PBXBuildFile section */

/* Begin PBXFileReference section */
		23430CDE2480A509007CBD52 /* BaseProjectRxSwift.app */ = {isa = PBXFileReference; explicitFileType = wrapper.application; includeInIndex = 0; path = BaseProjectRxSwift.app; sourceTree = BUILT_PRODUCTS_DIR; };
		23430CE12480A509007CBD52 /* AppDelegate.swift */ = {isa = PBXFileReference; lastKnownFileType = sourcecode.swift; path = AppDelegate.swift; sourceTree = "<group>"; };
		23430CE82480A509007CBD52 /* Base */ = {isa = PBXFileReference; lastKnownFileType = file.storyboard; name = Base; path = Base.lproj/Main.storyboard; sourceTree = "<group>"; };
		23430CEA2480A50A007CBD52 /* Assets.xcassets */ = {isa = PBXFileReference; lastKnownFileType = folder.assetcatalog; path = Assets.xcassets; sourceTree = "<group>"; };
		23430CED2480A50A007CBD52 /* Base */ = {isa = PBXFileReference; lastKnownFileType = file.storyboard; name = Base; path = Base.lproj/LaunchScreen.storyboard; sourceTree = "<group>"; };
		23430CEF2480A50A007CBD52 /* Info.plist */ = {isa = PBXFileReference; lastKnownFileType = text.plist.xml; path = Info.plist; sourceTree = "<group>"; };
		23430CF62480A951007CBD52 /* Const.swift */ = {isa = PBXFileReference; lastKnownFileType = sourcecode.swift; path = Const.swift; sourceTree = "<group>"; };
		23430CFC2480ACDE007CBD52 /* ViewController+.swift */ = {isa = PBXFileReference; lastKnownFileType = sourcecode.swift; path = "ViewController+.swift"; sourceTree = "<group>"; };
		23430CFE2480AD0A007CBD52 /* UIColor+.swift */ = {isa = PBXFileReference; lastKnownFileType = sourcecode.swift; path = "UIColor+.swift"; sourceTree = "<group>"; };
		23430D002480AD29007CBD52 /* HUD.swift */ = {isa = PBXFileReference; lastKnownFileType = sourcecode.swift; path = HUD.swift; sourceTree = "<group>"; };
		23430D032480AD5E007CBD52 /* APISession.swift */ = {isa = PBXFileReference; lastKnownFileType = sourcecode.swift; path = APISession.swift; sourceTree = "<group>"; };
		23430D052480ADCF007CBD52 /* Define.swift */ = {isa = PBXFileReference; lastKnownFileType = sourcecode.swift; path = Define.swift; sourceTree = "<group>"; };
		23430D072480B30E007CBD52 /* ViewControllerViewModel.swift */ = {isa = PBXFileReference; lastKnownFileType = sourcecode.swift; path = ViewControllerViewModel.swift; sourceTree = "<group>"; };
		23430D092480B3B8007CBD52 /* ViewController.swift */ = {isa = PBXFileReference; lastKnownFileType = sourcecode.swift; path = ViewController.swift; sourceTree = "<group>"; };
		23430D0C2480B7D1007CBD52 /* LoginModel.swift */ = {isa = PBXFileReference; lastKnownFileType = sourcecode.swift; path = LoginModel.swift; sourceTree = "<group>"; };
		9A334F776F630D5B418B6437 /* Pods-BaseProjectRxSwift.release.xcconfig */ = {isa = PBXFileReference; includeInIndex = 1; lastKnownFileType = text.xcconfig; name = "Pods-BaseProjectRxSwift.release.xcconfig"; path = "Target Support Files/Pods-BaseProjectRxSwift/Pods-BaseProjectRxSwift.release.xcconfig"; sourceTree = "<group>"; };
		9C613A8BB3C6455F8B092DEF /* Pods-BaseProjectRxSwift.debug.xcconfig */ = {isa = PBXFileReference; includeInIndex = 1; lastKnownFileType = text.xcconfig; name = "Pods-BaseProjectRxSwift.debug.xcconfig"; path = "Target Support Files/Pods-BaseProjectRxSwift/Pods-BaseProjectRxSwift.debug.xcconfig"; sourceTree = "<group>"; };
		9D01A7B3566E565E0E492E31 /* Pods_BaseProjectRxSwift.framework */ = {isa = PBXFileReference; explicitFileType = wrapper.framework; includeInIndex = 0; path = Pods_BaseProjectRxSwift.framework; sourceTree = BUILT_PRODUCTS_DIR; };
/* End PBXFileReference section */

/* Begin PBXFrameworksBuildPhase section */
		23430CDB2480A509007CBD52 /* Frameworks */ = {
			isa = PBXFrameworksBuildPhase;
			buildActionMask = 2147483647;
			files = (
				4BAB5AC2E6909F933D3D0E7E /* Pods_BaseProjectRxSwift.framework in Frameworks */,
			);
			runOnlyForDeploymentPostprocessing = 0;
		};
/* End PBXFrameworksBuildPhase section */

/* Begin PBXGroup section */
		23430CD52480A509007CBD52 = {
			isa = PBXGroup;
			children = (
				23430CE02480A509007CBD52 /* BaseProjectRxSwift */,
				23430CDF2480A509007CBD52 /* Products */,
				5701997D4722349910451710 /* Pods */,
				3772BCD3E1D743C6AC82766F /* Frameworks */,
			);
			sourceTree = "<group>";
		};
		23430CDF2480A509007CBD52 /* Products */ = {
			isa = PBXGroup;
			children = (
				23430CDE2480A509007CBD52 /* BaseProjectRxSwift.app */,
			);
			name = Products;
			sourceTree = "<group>";
		};
		23430CE02480A509007CBD52 /* BaseProjectRxSwift */ = {
			isa = PBXGroup;
			children = (
				23430D0E2480B8F7007CBD52 /* Common */,
				23430CFB2480AB07007CBD52 /* Extension */,
				23430CFA2480AB02007CBD52 /* ViewModel */,
				23430CF92480AAFD007CBD52 /* Model */,
				23430CF82480AAF5007CBD52 /* View */,
				23430CF52480A937007CBD52 /* Resource */,
				23430CE12480A509007CBD52 /* AppDelegate.swift */,
				23430CE72480A509007CBD52 /* Main.storyboard */,
				23430CEA2480A50A007CBD52 /* Assets.xcassets */,
				23430CEC2480A50A007CBD52 /* LaunchScreen.storyboard */,
				23430CEF2480A50A007CBD52 /* Info.plist */,
			);
			path = BaseProjectRxSwift;
			sourceTree = "<group>";
		};
		23430CF52480A937007CBD52 /* Resource */ = {
			isa = PBXGroup;
			children = (
				23430CF62480A951007CBD52 /* Const.swift */,
			);
			path = Resource;
			sourceTree = "<group>";
		};
		23430CF82480AAF5007CBD52 /* View */ = {
			isa = PBXGroup;
			children = (
				23430D092480B3B8007CBD52 /* ViewController.swift */,
			);
			path = View;
			sourceTree = "<group>";
		};
		23430CF92480AAFD007CBD52 /* Model */ = {
			isa = PBXGroup;
			children = (
				23430D0B2480B7B2007CBD52 /* Login */,
				23430D022480AD42007CBD52 /* APIModel */,
			);
			path = Model;
			sourceTree = "<group>";
		};
		23430CFA2480AB02007CBD52 /* ViewModel */ = {
			isa = PBXGroup;
			children = (
				23430D072480B30E007CBD52 /* ViewControllerViewModel.swift */,
			);
			path = ViewModel;
			sourceTree = "<group>";
		};
		23430CFB2480AB07007CBD52 /* Extension */ = {
			isa = PBXGroup;
			children = (
				23430CFC2480ACDE007CBD52 /* ViewController+.swift */,
				23430CFE2480AD0A007CBD52 /* UIColor+.swift */,
				23430D002480AD29007CBD52 /* HUD.swift */,
			);
			path = Extension;
			sourceTree = "<group>";
		};
		23430D022480AD42007CBD52 /* APIModel */ = {
			isa = PBXGroup;
			children = (
				23430D032480AD5E007CBD52 /* APISession.swift */,
				23430D052480ADCF007CBD52 /* Define.swift */,
			);
			path = APIModel;
			sourceTree = "<group>";
		};
		23430D0B2480B7B2007CBD52 /* Login */ = {
			isa = PBXGroup;
			children = (
				23430D0C2480B7D1007CBD52 /* LoginModel.swift */,
			);
			path = Login;
			sourceTree = "<group>";
		};
		23430D0E2480B8F7007CBD52 /* Common */ = {
			isa = PBXGroup;
			children = (
			);
			path = Common;
			sourceTree = "<group>";
		};
		3772BCD3E1D743C6AC82766F /* Frameworks */ = {
			isa = PBXGroup;
			children = (
				9D01A7B3566E565E0E492E31 /* Pods_BaseProjectRxSwift.framework */,
			);
			name = Frameworks;
			sourceTree = "<group>";
		};
		5701997D4722349910451710 /* Pods */ = {
			isa = PBXGroup;
			children = (
				9C613A8BB3C6455F8B092DEF /* Pods-BaseProjectRxSwift.debug.xcconfig */,
				9A334F776F630D5B418B6437 /* Pods-BaseProjectRxSwift.release.xcconfig */,
			);
			path = Pods;
			sourceTree = "<group>";
		};
/* End PBXGroup section */

/* Begin PBXNativeTarget section */
		23430CDD2480A509007CBD52 /* BaseProjectRxSwift */ = {
			isa = PBXNativeTarget;
			buildConfigurationList = 23430CF22480A50A007CBD52 /* Build configuration list for PBXNativeTarget "BaseProjectRxSwift" */;
			buildPhases = (
				B7237DD9D52F61984AFD50EB /* [CP] Check Pods Manifest.lock */,
				23430CDA2480A509007CBD52 /* Sources */,
				23430CDB2480A509007CBD52 /* Frameworks */,
				23430CDC2480A509007CBD52 /* Resources */,
				8EC84CEFE4CB4C1727A67EE4 /* [CP] Embed Pods Frameworks */,
			);
			buildRules = (
			);
			dependencies = (
			);
			name = BaseProjectRxSwift;
			productName = BaseProjectRxSwift;
			productReference = 23430CDE2480A509007CBD52 /* BaseProjectRxSwift.app */;
			productType = "com.apple.product-type.application";
		};
/* End PBXNativeTarget section */

/* Begin PBXProject section */
		23430CD62480A509007CBD52 /* Project object */ = {
			isa = PBXProject;
			attributes = {
				LastSwiftUpdateCheck = 1140;
				LastUpgradeCheck = 1140;
				ORGANIZATIONNAME = Anhdk;
				TargetAttributes = {
					23430CDD2480A509007CBD52 = {
						CreatedOnToolsVersion = 11.4.1;
					};
				};
			};
			buildConfigurationList = 23430CD92480A509007CBD52 /* Build configuration list for PBXProject "BaseProjectRxSwift" */;
			compatibilityVersion = "Xcode 9.3";
			developmentRegion = en;
			hasScannedForEncodings = 0;
			knownRegions = (
				en,
				Base,
			);
			mainGroup = 23430CD52480A509007CBD52;
			productRefGroup = 23430CDF2480A509007CBD52 /* Products */;
			projectDirPath = "";
			projectRoot = "";
			targets = (
				23430CDD2480A509007CBD52 /* BaseProjectRxSwift */,
			);
		};
/* End PBXProject section */

/* Begin PBXResourcesBuildPhase section */
		23430CDC2480A509007CBD52 /* Resources */ = {
			isa = PBXResourcesBuildPhase;
			buildActionMask = 2147483647;
			files = (
				23430CEE2480A50A007CBD52 /* LaunchScreen.storyboard in Resources */,
				23430CEB2480A50A007CBD52 /* Assets.xcassets in Resources */,
				23430CE92480A509007CBD52 /* Main.storyboard in Resources */,
			);
			runOnlyForDeploymentPostprocessing = 0;
		};
/* End PBXResourcesBuildPhase section */

/* Begin PBXShellScriptBuildPhase section */
		8EC84CEFE4CB4C1727A67EE4 /* [CP] Embed Pods Frameworks */ = {
			isa = PBXShellScriptBuildPhase;
			buildActionMask = 2147483647;
			files = (
			);
			inputFileListPaths = (
				"${PODS_ROOT}/Target Support Files/Pods-BaseProjectRxSwift/Pods-BaseProjectRxSwift-frameworks-${CONFIGURATION}-input-files.xcfilelist",
			);
			name = "[CP] Embed Pods Frameworks";
			outputFileListPaths = (
				"${PODS_ROOT}/Target Support Files/Pods-BaseProjectRxSwift/Pods-BaseProjectRxSwift-frameworks-${CONFIGURATION}-output-files.xcfilelist",
			);
			runOnlyForDeploymentPostprocessing = 0;
			shellPath = /bin/sh;
			shellScript = "\"${PODS_ROOT}/Target Support Files/Pods-BaseProjectRxSwift/Pods-BaseProjectRxSwift-frameworks.sh\"\n";
			showEnvVarsInLog = 0;
		};
		B7237DD9D52F61984AFD50EB /* [CP] Check Pods Manifest.lock */ = {
			isa = PBXShellScriptBuildPhase;
			buildActionMask = 2147483647;
			files = (
			);
			inputFileListPaths = (
			);
			inputPaths = (
				"${PODS_PODFILE_DIR_PATH}/Podfile.lock",
				"${PODS_ROOT}/Manifest.lock",
			);
			name = "[CP] Check Pods Manifest.lock";
			outputFileListPaths = (
			);
			outputPaths = (
				"$(DERIVED_FILE_DIR)/Pods-BaseProjectRxSwift-checkManifestLockResult.txt",
			);
			runOnlyForDeploymentPostprocessing = 0;
			shellPath = /bin/sh;
			shellScript = "diff \"${PODS_PODFILE_DIR_PATH}/Podfile.lock\" \"${PODS_ROOT}/Manifest.lock\" > /dev/null\nif [ $? != 0 ] ; then\n    # print error to STDERR\n    echo \"error: The sandbox is not in sync with the Podfile.lock. Run 'pod install' or update your CocoaPods installation.\" >&2\n    exit 1\nfi\n# This output is used by Xcode 'outputs' to avoid re-running this script phase.\necho \"SUCCESS\" > \"${SCRIPT_OUTPUT_FILE_0}\"\n";
			showEnvVarsInLog = 0;
		};
/* End PBXShellScriptBuildPhase section */

/* Begin PBXSourcesBuildPhase section */
		23430CDA2480A509007CBD52 /* Sources */ = {
			isa = PBXSourcesBuildPhase;
			buildActionMask = 2147483647;
			files = (
				23430CE22480A509007CBD52 /* AppDelegate.swift in Sources */,
				23430D062480ADCF007CBD52 /* Define.swift in Sources */,
				23430CFD2480ACDE007CBD52 /* ViewController+.swift in Sources */,
				23430D0A2480B3B8007CBD52 /* ViewController.swift in Sources */,
				23430D012480AD29007CBD52 /* HUD.swift in Sources */,
				23430D0D2480B7D1007CBD52 /* LoginModel.swift in Sources */,
				23430CF72480A951007CBD52 /* Const.swift in Sources */,
				23430CFF2480AD0A007CBD52 /* UIColor+.swift in Sources */,
				23430D082480B30E007CBD52 /* ViewControllerViewModel.swift in Sources */,
				23430D042480AD5E007CBD52 /* APISession.swift in Sources */,
			);
			runOnlyForDeploymentPostprocessing = 0;
		};
/* End PBXSourcesBuildPhase section */

/* Begin PBXVariantGroup section */
		23430CE72480A509007CBD52 /* Main.storyboard */ = {
			isa = PBXVariantGroup;
			children = (
				23430CE82480A509007CBD52 /* Base */,
			);
			name = Main.storyboard;
			sourceTree = "<group>";
		};
		23430CEC2480A50A007CBD52 /* LaunchScreen.storyboard */ = {
			isa = PBXVariantGroup;
			children = (
				23430CED2480A50A007CBD52 /* Base */,
			);
			name = LaunchScreen.storyboard;
			sourceTree = "<group>";
		};
/* End PBXVariantGroup section */

/* Begin XCBuildConfiguration section */
		23430CF02480A50A007CBD52 /* Debug */ = {
			isa = XCBuildConfiguration;
			buildSettings = {
				ALWAYS_SEARCH_USER_PATHS = NO;
				CLANG_ANALYZER_NONNULL = YES;
				CLANG_ANALYZER_NUMBER_OBJECT_CONVERSION = YES_AGGRESSIVE;
				CLANG_CXX_LANGUAGE_STANDARD = "gnu++14";
				CLANG_CXX_LIBRARY = "libc++";
				CLANG_ENABLE_MODULES = YES;
				CLANG_ENABLE_OBJC_ARC = YES;
				CLANG_ENABLE_OBJC_WEAK = YES;
				CLANG_WARN_BLOCK_CAPTURE_AUTORELEASING = YES;
				CLANG_WARN_BOOL_CONVERSION = YES;
				CLANG_WARN_COMMA = YES;
				CLANG_WARN_CONSTANT_CONVERSION = YES;
				CLANG_WARN_DEPRECATED_OBJC_IMPLEMENTATIONS = YES;
				CLANG_WARN_DIRECT_OBJC_ISA_USAGE = YES_ERROR;
				CLANG_WARN_DOCUMENTATION_COMMENTS = YES;
				CLANG_WARN_EMPTY_BODY = YES;
				CLANG_WARN_ENUM_CONVERSION = YES;
				CLANG_WARN_INFINITE_RECURSION = YES;
				CLANG_WARN_INT_CONVERSION = YES;
				CLANG_WARN_NON_LITERAL_NULL_CONVERSION = YES;
				CLANG_WARN_OBJC_IMPLICIT_RETAIN_SELF = YES;
				CLANG_WARN_OBJC_LITERAL_CONVERSION = YES;
				CLANG_WARN_OBJC_ROOT_CLASS = YES_ERROR;
				CLANG_WARN_RANGE_LOOP_ANALYSIS = YES;
				CLANG_WARN_STRICT_PROTOTYPES = YES;
				CLANG_WARN_SUSPICIOUS_MOVE = YES;
				CLANG_WARN_UNGUARDED_AVAILABILITY = YES_AGGRESSIVE;
				CLANG_WARN_UNREACHABLE_CODE = YES;
				CLANG_WARN__DUPLICATE_METHOD_MATCH = YES;
				COPY_PHASE_STRIP = NO;
				DEBUG_INFORMATION_FORMAT = dwarf;
				ENABLE_STRICT_OBJC_MSGSEND = YES;
				ENABLE_TESTABILITY = YES;
				GCC_C_LANGUAGE_STANDARD = gnu11;
				GCC_DYNAMIC_NO_PIC = NO;
				GCC_NO_COMMON_BLOCKS = YES;
				GCC_OPTIMIZATION_LEVEL = 0;
				GCC_PREPROCESSOR_DEFINITIONS = (
					"DEBUG=1",
					"$(inherited)",
				);
				GCC_WARN_64_TO_32_BIT_CONVERSION = YES;
				GCC_WARN_ABOUT_RETURN_TYPE = YES_ERROR;
				GCC_WARN_UNDECLARED_SELECTOR = YES;
				GCC_WARN_UNINITIALIZED_AUTOS = YES_AGGRESSIVE;
				GCC_WARN_UNUSED_FUNCTION = YES;
				GCC_WARN_UNUSED_VARIABLE = YES;
				IPHONEOS_DEPLOYMENT_TARGET = 13.4;
				MTL_ENABLE_DEBUG_INFO = INCLUDE_SOURCE;
				MTL_FAST_MATH = YES;
				ONLY_ACTIVE_ARCH = YES;
				SDKROOT = iphoneos;
				SWIFT_ACTIVE_COMPILATION_CONDITIONS = DEBUG;
				SWIFT_OPTIMIZATION_LEVEL = "-Onone";
			};
			name = Debug;
		};
		23430CF12480A50A007CBD52 /* Release */ = {
			isa = XCBuildConfiguration;
			buildSettings = {
				ALWAYS_SEARCH_USER_PATHS = NO;
				CLANG_ANALYZER_NONNULL = YES;
				CLANG_ANALYZER_NUMBER_OBJECT_CONVERSION = YES_AGGRESSIVE;
				CLANG_CXX_LANGUAGE_STANDARD = "gnu++14";
				CLANG_CXX_LIBRARY = "libc++";
				CLANG_ENABLE_MODULES = YES;
				CLANG_ENABLE_OBJC_ARC = YES;
				CLANG_ENABLE_OBJC_WEAK = YES;
				CLANG_WARN_BLOCK_CAPTURE_AUTORELEASING = YES;
				CLANG_WARN_BOOL_CONVERSION = YES;
				CLANG_WARN_COMMA = YES;
				CLANG_WARN_CONSTANT_CONVERSION = YES;
				CLANG_WARN_DEPRECATED_OBJC_IMPLEMENTATIONS = YES;
				CLANG_WARN_DIRECT_OBJC_ISA_USAGE = YES_ERROR;
				CLANG_WARN_DOCUMENTATION_COMMENTS = YES;
				CLANG_WARN_EMPTY_BODY = YES;
				CLANG_WARN_ENUM_CONVERSION = YES;
				CLANG_WARN_INFINITE_RECURSION = YES;
				CLANG_WARN_INT_CONVERSION = YES;
				CLANG_WARN_NON_LITERAL_NULL_CONVERSION = YES;
				CLANG_WARN_OBJC_IMPLICIT_RETAIN_SELF = YES;
				CLANG_WARN_OBJC_LITERAL_CONVERSION = YES;
				CLANG_WARN_OBJC_ROOT_CLASS = YES_ERROR;
				CLANG_WARN_RANGE_LOOP_ANALYSIS = YES;
				CLANG_WARN_STRICT_PROTOTYPES = YES;
				CLANG_WARN_SUSPICIOUS_MOVE = YES;
				CLANG_WARN_UNGUARDED_AVAILABILITY = YES_AGGRESSIVE;
				CLANG_WARN_UNREACHABLE_CODE = YES;
				CLANG_WARN__DUPLICATE_METHOD_MATCH = YES;
				COPY_PHASE_STRIP = NO;
				DEBUG_INFORMATION_FORMAT = "dwarf-with-dsym";
				ENABLE_NS_ASSERTIONS = NO;
				ENABLE_STRICT_OBJC_MSGSEND = YES;
				GCC_C_LANGUAGE_STANDARD = gnu11;
				GCC_NO_COMMON_BLOCKS = YES;
				GCC_WARN_64_TO_32_BIT_CONVERSION = YES;
				GCC_WARN_ABOUT_RETURN_TYPE = YES_ERROR;
				GCC_WARN_UNDECLARED_SELECTOR = YES;
				GCC_WARN_UNINITIALIZED_AUTOS = YES_AGGRESSIVE;
				GCC_WARN_UNUSED_FUNCTION = YES;
				GCC_WARN_UNUSED_VARIABLE = YES;
				IPHONEOS_DEPLOYMENT_TARGET = 13.4;
				MTL_ENABLE_DEBUG_INFO = NO;
				MTL_FAST_MATH = YES;
				SDKROOT = iphoneos;
				SWIFT_COMPILATION_MODE = wholemodule;
				SWIFT_OPTIMIZATION_LEVEL = "-O";
				VALIDATE_PRODUCT = YES;
			};
			name = Release;
		};
		23430CF32480A50A007CBD52 /* Debug */ = {
			isa = XCBuildConfiguration;
			baseConfigurationReference = 9C613A8BB3C6455F8B092DEF /* Pods-BaseProjectRxSwift.debug.xcconfig */;
			buildSettings = {
				ASSETCATALOG_COMPILER_APPICON_NAME = AppIcon;
				CODE_SIGN_STYLE = Automatic;
				DEVELOPMENT_TEAM = 3XW35T4KJS;
				INFOPLIST_FILE = BaseProjectRxSwift/Info.plist;
				IPHONEOS_DEPLOYMENT_TARGET = 11.0;
				LD_RUNPATH_SEARCH_PATHS = (
					"$(inherited)",
					"@executable_path/Frameworks",
				);
				PRODUCT_BUNDLE_IDENTIFIER = net.anhdk.BaseProjectRxSwift;
				PRODUCT_NAME = "$(TARGET_NAME)";
				SWIFT_VERSION = 5.0;
				TARGETED_DEVICE_FAMILY = "1,2";
			};
			name = Debug;
		};
		23430CF42480A50A007CBD52 /* Release */ = {
			isa = XCBuildConfiguration;
			baseConfigurationReference = 9A334F776F630D5B418B6437 /* Pods-BaseProjectRxSwift.release.xcconfig */;
			buildSettings = {
				ASSETCATALOG_COMPILER_APPICON_NAME = AppIcon;
				CODE_SIGN_STYLE = Automatic;
				DEVELOPMENT_TEAM = 3XW35T4KJS;
				INFOPLIST_FILE = BaseProjectRxSwift/Info.plist;
				IPHONEOS_DEPLOYMENT_TARGET = 11.0;
				LD_RUNPATH_SEARCH_PATHS = (
					"$(inherited)",
					"@executable_path/Frameworks",
				);
				PRODUCT_BUNDLE_IDENTIFIER = net.anhdk.BaseProjectRxSwift;
				PRODUCT_NAME = "$(TARGET_NAME)";
				SWIFT_VERSION = 5.0;
				TARGETED_DEVICE_FAMILY = "1,2";
			};
			name = Release;
		};
/* End XCBuildConfiguration section */

/* Begin XCConfigurationList section */
		23430CD92480A509007CBD52 /* Build configuration list for PBXProject "BaseProjectRxSwift" */ = {
			isa = XCConfigurationList;
			buildConfigurations = (
				23430CF02480A50A007CBD52 /* Debug */,
				23430CF12480A50A007CBD52 /* Release */,
			);
			defaultConfigurationIsVisible = 0;
			defaultConfigurationName = Release;
		};
		23430CF22480A50A007CBD52 /* Build configuration list for PBXNativeTarget "BaseProjectRxSwift" */ = {
			isa = XCConfigurationList;
			buildConfigurations = (
				23430CF32480A50A007CBD52 /* Debug */,
				23430CF42480A50A007CBD52 /* Release */,
			);
			defaultConfigurationIsVisible = 0;
			defaultConfigurationName = Release;
		};
/* End XCConfigurationList section */
	};
	rootObject = 23430CD62480A509007CBD52 /* Project object */;
}
